
Microsoft Visual Studio Solution File, Format Version 12.00
# Visual Studio 14
VisualStudioVersion = 14.0.24720.0
MinimumVisualStudioVersion = 10.0.40219.1
Project("{FAE04EC0-301F-11D3-BF4B-00C04F79EFBC}") = "GeoLib.Core", "GeoLib.Core\GeoLib.Core.csproj", "{EE8B99F0-779A-41CF-A658-E3906892B0EC}"
EndProject
Project("{FAE04EC0-301F-11D3-BF4B-00C04F79EFBC}") = "GeoLib.Data", "GeoLib.Data\GeoLib.Data.csproj", "{91FB46A8-CB56-4E69-B049-78224489F0E1}"
EndProject
Project("{FAE04EC0-301F-11D3-BF4B-00C04F79EFBC}") = "GeoLib.Contracts", "GeoLib.Contracts\GeoLib.Contracts.csproj", "{82AF82C9-B08B-4D6D-8B85-370D0BA8A342}"
EndProject
Project("{FAE04EC0-301F-11D3-BF4B-00C04F79EFBC}") = "GeoLib.Services", "GeoLib.Services\GeoLib.Services.csproj", "{1CAC521B-174B-4DCC-9A1D-1C2947A5E803}"
EndProject
Project("{FAE04EC0-301F-11D3-BF4B-00C04F79EFBC}") = "GeoLib.Test", "GeoLib.Tests\GeoLib.Test.csproj", "{B5D30142-FFE2-43E2-86F9-B834DDF5D5A2}"
EndProject
Project("{2150E333-8FDC-42A3-9474-1A3956D46DE8}") = "Hosting", "Hosting", "{50847886-9F13-495B-89C8-B285F4118F87}"
EndProject
Project("{FAE04EC0-301F-11D3-BF4B-00C04F79EFBC}") = "GeoLib.ConsoleHost", "GeoLib.ConsoleHost\GeoLib.ConsoleHost.csproj", "{887339FA-8640-4CF1-8E57-E93417D87918}"
EndProject
Project("{FAE04EC0-301F-11D3-BF4B-00C04F79EFBC}") = "GeoLib.WebHost", "GeoLib.WebHost\GeoLib.WebHost.csproj", "{CD5369AC-05E3-4197-B0DB-74E43CBE0341}"
EndProject
Project("{FAE04EC0-301F-11D3-BF4B-00C04F79EFBC}") = "GeoLib.Proxies", "GeoLib.Proxies\GeoLib.Proxies.csproj", "{7D27F051-2371-4C45-BDB8-87675E46F5A4}"
EndProject
Project("{FAE04EC0-301F-11D3-BF4B-00C04F79EFBC}") = "GeoLib.Client", "GeoLib.Client\GeoLib.Client.csproj", "{3A76C99D-5325-4CEA-9CDC-B752C6ECE055}"
EndProject
Project("{2150E333-8FDC-42A3-9474-1A3956D46DE8}") = "Clients", "Clients", "{B4B9CDF6-3763-4925-A88A-0A9120980544}"
EndProject
Project("{2150E333-8FDC-42A3-9474-1A3956D46DE8}") = "Services", "Services", "{C2CD770A-217F-4C53-8E36-B4F815BE1CF7}"
EndProject
Project("{FAE04EC0-301F-11D3-BF4B-00C04F79EFBC}") = "GeoLib.WindowsHost", "GeoLib.WindowsHost\GeoLib.WindowsHost.csproj", "{A81903EE-8C1C-418D-9263-64CA18349C35}"
EndProject
Global
	GlobalSection(SolutionConfigurationPlatforms) = preSolution
		Debug|Any CPU = Debug|Any CPU
		Release|Any CPU = Release|Any CPU
	EndGlobalSection
	GlobalSection(ProjectConfigurationPlatforms) = postSolution
		{EE8B99F0-779A-41CF-A658-E3906892B0EC}.Debug|Any CPU.ActiveCfg = Debug|Any CPU
		{EE8B99F0-779A-41CF-A658-E3906892B0EC}.Debug|Any CPU.Build.0 = Debug|Any CPU
		{EE8B99F0-779A-41CF-A658-E3906892B0EC}.Release|Any CPU.ActiveCfg = Release|Any CPU
		{EE8B99F0-779A-41CF-A658-E3906892B0EC}.Release|Any CPU.Build.0 = Release|Any CPU
		{91FB46A8-CB56-4E69-B049-78224489F0E1}.Debug|Any CPU.ActiveCfg = Debug|Any CPU
		{91FB46A8-CB56-4E69-B049-78224489F0E1}.Debug|Any CPU.Build.0 = Debug|Any CPU
		{91FB46A8-CB56-4E69-B049-78224489F0E1}.Release|Any CPU.ActiveCfg = Release|Any CPU
		{91FB46A8-CB56-4E69-B049-78224489F0E1}.Release|Any CPU.Build.0 = Release|Any CPU
		{82AF82C9-B08B-4D6D-8B85-370D0BA8A342}.Debug|Any CPU.ActiveCfg = Debug|Any CPU
		{82AF82C9-B08B-4D6D-8B85-370D0BA8A342}.Debug|Any CPU.Build.0 = Debug|Any CPU
		{82AF82C9-B08B-4D6D-8B85-370D0BA8A342}.Release|Any CPU.ActiveCfg = Release|Any CPU
		{82AF82C9-B08B-4D6D-8B85-370D0BA8A342}.Release|Any CPU.Build.0 = Release|Any CPU
		{1CAC521B-174B-4DCC-9A1D-1C2947A5E803}.Debug|Any CPU.ActiveCfg = Debug|Any CPU
		{1CAC521B-174B-4DCC-9A1D-1C2947A5E803}.Debug|Any CPU.Build.0 = Debug|Any CPU
		{1CAC521B-174B-4DCC-9A1D-1C2947A5E803}.Release|Any CPU.ActiveCfg = Release|Any CPU
		{1CAC521B-174B-4DCC-9A1D-1C2947A5E803}.Release|Any CPU.Build.0 = Release|Any CPU
		{B5D30142-FFE2-43E2-86F9-B834DDF5D5A2}.Debug|Any CPU.ActiveCfg = Debug|Any CPU
		{B5D30142-FFE2-43E2-86F9-B834DDF5D5A2}.Debug|Any CPU.Build.0 = Debug|Any CPU
		{B5D30142-FFE2-43E2-86F9-B834DDF5D5A2}.Release|Any CPU.ActiveCfg = Release|Any CPU
		{B5D30142-FFE2-43E2-86F9-B834DDF5D5A2}.Release|Any CPU.Build.0 = Release|Any CPU
		{887339FA-8640-4CF1-8E57-E93417D87918}.Debug|Any CPU.ActiveCfg = Debug|Any CPU
		{887339FA-8640-4CF1-8E57-E93417D87918}.Debug|Any CPU.Build.0 = Debug|Any CPU
		{887339FA-8640-4CF1-8E57-E93417D87918}.Release|Any CPU.ActiveCfg = Release|Any CPU
		{887339FA-8640-4CF1-8E57-E93417D87918}.Release|Any CPU.Build.0 = Release|Any CPU
		{CD5369AC-05E3-4197-B0DB-74E43CBE0341}.Debug|Any CPU.ActiveCfg = Debug|Any CPU
		{CD5369AC-05E3-4197-B0DB-74E43CBE0341}.Debug|Any CPU.Build.0 = Debug|Any CPU
		{CD5369AC-05E3-4197-B0DB-74E43CBE0341}.Release|Any CPU.ActiveCfg = Release|Any CPU
		{CD5369AC-05E3-4197-B0DB-74E43CBE0341}.Release|Any CPU.Build.0 = Release|Any CPU
		{7D27F051-2371-4C45-BDB8-87675E46F5A4}.Debug|Any CPU.ActiveCfg = Debug|Any CPU
		{7D27F051-2371-4C45-BDB8-87675E46F5A4}.Debug|Any CPU.Build.0 = Debug|Any CPU
		{7D27F051-2371-4C45-BDB8-87675E46F5A4}.Release|Any CPU.ActiveCfg = Release|Any CPU
		{7D27F051-2371-4C45-BDB8-87675E46F5A4}.Release|Any CPU.Build.0 = Release|Any CPU
		{3A76C99D-5325-4CEA-9CDC-B752C6ECE055}.Debug|Any CPU.ActiveCfg = Debug|Any CPU
		{3A76C99D-5325-4CEA-9CDC-B752C6ECE055}.Debug|Any CPU.Build.0 = Debug|Any CPU
		{3A76C99D-5325-4CEA-9CDC-B752C6ECE055}.Release|Any CPU.ActiveCfg = Release|Any CPU
		{3A76C99D-5325-4CEA-9CDC-B752C6ECE055}.Release|Any CPU.Build.0 = Release|Any CPU
		{A81903EE-8C1C-418D-9263-64CA18349C35}.Debug|Any CPU.ActiveCfg = Debug|Any CPU
		{A81903EE-8C1C-418D-9263-64CA18349C35}.Debug|Any CPU.Build.0 = Debug|Any CPU
		{A81903EE-8C1C-418D-9263-64CA18349C35}.Release|Any CPU.ActiveCfg = Release|Any CPU
		{A81903EE-8C1C-418D-9263-64CA18349C35}.Release|Any CPU.Build.0 = Release|Any CPU
	EndGlobalSection
	GlobalSection(SolutionProperties) = preSolution
		HideSolutionNode = FALSE
	EndGlobalSection
	GlobalSection(NestedProjects) = preSolution
		{EE8B99F0-779A-41CF-A658-E3906892B0EC} = {C2CD770A-217F-4C53-8E36-B4F815BE1CF7}
		{91FB46A8-CB56-4E69-B049-78224489F0E1} = {C2CD770A-217F-4C53-8E36-B4F815BE1CF7}
		{1CAC521B-174B-4DCC-9A1D-1C2947A5E803} = {C2CD770A-217F-4C53-8E36-B4F815BE1CF7}
		{887339FA-8640-4CF1-8E57-E93417D87918} = {50847886-9F13-495B-89C8-B285F4118F87}
		{CD5369AC-05E3-4197-B0DB-74E43CBE0341} = {50847886-9F13-495B-89C8-B285F4118F87}
		{7D27F051-2371-4C45-BDB8-87675E46F5A4} = {B4B9CDF6-3763-4925-A88A-0A9120980544}
		{3A76C99D-5325-4CEA-9CDC-B752C6ECE055} = {B4B9CDF6-3763-4925-A88A-0A9120980544}
		{A81903EE-8C1C-418D-9263-64CA18349C35} = {50847886-9F13-495B-89C8-B285F4118F87}
	EndGlobalSection
EndGlobal
